
Microsoft Visual Studio Solution File, Format Version 12.00
# Visual Studio Version 17
VisualStudioVersion = 17.14.36518.9
MinimumVisualStudioVersion = 10.0.40219.1
Project("{FAE04EC0-301F-11D3-BF4B-00C04F79EFBC}") = "UserManagement", "UserManagement\UserManagement.csproj", "{B0AA91F2-EC41-4EEB-8B7E-BB55AE161544}"
EndProject
Project("{2150E333-8FDC-42A3-9474-1A3956D46DE8}") = "Solution Items", "Solution Items", "{8EC462FD-D22E-90A8-E5CE-7E832BA40C5D}"
	ProjectSection(SolutionItems) = preProject
		.gitignore = .gitignore
		docker-compose.yml = docker-compose.yml
	EndProjectSection
EndProject
Project("{FAE04EC0-301F-11D3-BF4B-00C04F79EFBC}") = "ApiGateway", "ApiGateway\ApiGateway.csproj", "{BD163726-1B14-4C6D-9EF4-EE871BFB63B8}"
EndProject
Global
	GlobalSection(SolutionConfigurationPlatforms) = preSolution
		Debug|Any CPU = Debug|Any CPU
		Release|Any CPU = Release|Any CPU
	EndGlobalSection
	GlobalSection(ProjectConfigurationPlatforms) = postSolution
		{B0AA91F2-EC41-4EEB-8B7E-BB55AE161544}.Debug|Any CPU.ActiveCfg = Debug|Any CPU
		{B0AA91F2-EC41-4EEB-8B7E-BB55AE161544}.Debug|Any CPU.Build.0 = Debug|Any CPU
		{B0AA91F2-EC41-4EEB-8B7E-BB55AE161544}.Release|Any CPU.ActiveCfg = Release|Any CPU
		{B0AA91F2-EC41-4EEB-8B7E-BB55AE161544}.Release|Any CPU.Build.0 = Release|Any CPU
		{BD163726-1B14-4C6D-9EF4-EE871BFB63B8}.Debug|Any CPU.ActiveCfg = Debug|Any CPU
		{BD163726-1B14-4C6D-9EF4-EE871BFB63B8}.Debug|Any CPU.Build.0 = Debug|Any CPU
		{BD163726-1B14-4C6D-9EF4-EE871BFB63B8}.Release|Any CPU.ActiveCfg = Release|Any CPU
		{BD163726-1B14-4C6D-9EF4-EE871BFB63B8}.Release|Any CPU.Build.0 = Release|Any CPU
	EndGlobalSection
	GlobalSection(SolutionProperties) = preSolution
		HideSolutionNode = FALSE
	EndGlobalSection
	GlobalSection(ExtensibilityGlobals) = postSolution
		SolutionGuid = {E114616C-C05D-4BAF-A761-2F6D6562C31C}
	EndGlobalSection
EndGlobal
